// !$*UTF8*$!
{
	archiveVersion = 1;
	classes = {
	};
	objectVersion = 55;
	objects = {

/* Begin PBXBuildFile section */
		0EF6A1E6278E973D00E55FAA /* RegisterView.swift in Sources */ = {isa = PBXBuildFile; fileRef = 0EF6A1E5278E973D00E55FAA /* RegisterView.swift */; };
		445350535B279C9B4EAA1773 /* Pods_Lepus_WatchKit_Extension.framework in Frameworks */ = {isa = PBXBuildFile; fileRef = 1CBCC2E2D5BC8C300D7E9CE9 /* Pods_Lepus_WatchKit_Extension.framework */; };
		75268B722793DA1600657768 /* NavigationBar.swift in Sources */ = {isa = PBXBuildFile; fileRef = 75268B712793DA1600657768 /* NavigationBar.swift */; };
		7529468C278DC0D900DC7815 /* RunTabView.swift in Sources */ = {isa = PBXBuildFile; fileRef = 7529468B278DC0D900DC7815 /* RunTabView.swift */; };
		7529468E278DC0DB00DC7815 /* Assets.xcassets in Resources */ = {isa = PBXBuildFile; fileRef = 7529468D278DC0DB00DC7815 /* Assets.xcassets */; };
		75294691278DC0DB00DC7815 /* Preview Assets.xcassets in Resources */ = {isa = PBXBuildFile; fileRef = 75294690278DC0DB00DC7815 /* Preview Assets.xcassets */; };
		75294695278DC0DB00DC7815 /* Lepus WatchKit App.app in Embed Watch Content */ = {isa = PBXBuildFile; fileRef = 75294694278DC0DB00DC7815 /* Lepus WatchKit App.app */; settings = {ATTRIBUTES = (RemoveHeadersOnCopy, ); }; };
		7529469A278DC0DC00DC7815 /* Assets.xcassets in Resources */ = {isa = PBXBuildFile; fileRef = 75294699278DC0DC00DC7815 /* Assets.xcassets */; };
		752946A0278DC0DC00DC7815 /* Lepus WatchKit Extension.appex in Embed App Extensions */ = {isa = PBXBuildFile; fileRef = 7529469F278DC0DC00DC7815 /* Lepus WatchKit Extension.appex */; settings = {ATTRIBUTES = (RemoveHeadersOnCopy, ); }; };
		752946A5278DC0DC00DC7815 /* LepusApp.swift in Sources */ = {isa = PBXBuildFile; fileRef = 752946A4278DC0DC00DC7815 /* LepusApp.swift */; };
		752946A7278DC0DC00DC7815 /* ContentView.swift in Sources */ = {isa = PBXBuildFile; fileRef = 752946A6278DC0DC00DC7815 /* ContentView.swift */; };
		752946A9278DC0DC00DC7815 /* NotificationController.swift in Sources */ = {isa = PBXBuildFile; fileRef = 752946A8278DC0DC00DC7815 /* NotificationController.swift */; };
		752946AB278DC0DC00DC7815 /* NotificationView.swift in Sources */ = {isa = PBXBuildFile; fileRef = 752946AA278DC0DC00DC7815 /* NotificationView.swift */; };
		752946AD278DC0DC00DC7815 /* ComplicationController.swift in Sources */ = {isa = PBXBuildFile; fileRef = 752946AC278DC0DC00DC7815 /* ComplicationController.swift */; };
		752946AF278DC0DD00DC7815 /* Assets.xcassets in Resources */ = {isa = PBXBuildFile; fileRef = 752946AE278DC0DD00DC7815 /* Assets.xcassets */; };
		752946B2278DC0DD00DC7815 /* Preview Assets.xcassets in Resources */ = {isa = PBXBuildFile; fileRef = 752946B1278DC0DD00DC7815 /* Preview Assets.xcassets */; };
		752946C3278DC10300DC7815 /* MapView.swift in Sources */ = {isa = PBXBuildFile; fileRef = 752946C2278DC10300DC7815 /* MapView.swift */; };
		752946C5278DC13400DC7815 /* StopwatchManager.swift in Sources */ = {isa = PBXBuildFile; fileRef = 752946C4278DC13400DC7815 /* StopwatchManager.swift */; };
		752946D9278DF00700DC7815 /* GoogleService-Info.plist in Resources */ = {isa = PBXBuildFile; fileRef = 752946D8278DF00700DC7815 /* GoogleService-Info.plist */; };
		752946DA278DF00700DC7815 /* GoogleService-Info.plist in Resources */ = {isa = PBXBuildFile; fileRef = 752946D8278DF00700DC7815 /* GoogleService-Info.plist */; };
		752946DB278DF00700DC7815 /* GoogleService-Info.plist in Resources */ = {isa = PBXBuildFile; fileRef = 752946D8278DF00700DC7815 /* GoogleService-Info.plist */; };
		7594C741279317A100C4C20F /* TabViewUI.swift in Sources */ = {isa = PBXBuildFile; fileRef = 7594C740279317A100C4C20F /* TabViewUI.swift */; };
		7594C74327931F0B00C4C20F /* ProfileTabView.swift in Sources */ = {isa = PBXBuildFile; fileRef = 7594C74227931F0B00C4C20F /* ProfileTabView.swift */; };
		75D1CE502799EA470048EE28 /* Run.swift in Sources */ = {isa = PBXBuildFile; fileRef = 75D1CE4F2799EA470048EE28 /* Run.swift */; };
		75D1CE542799EC320048EE28 /* Lepus.xcdatamodeld in Sources */ = {isa = PBXBuildFile; fileRef = 75D1CE4C2799E9D40048EE28 /* Lepus.xcdatamodeld */; };
		75D1CE562799EDE70048EE28 /* LepusApp.swift in Sources */ = {isa = PBXBuildFile; fileRef = 75294689278DC0D900DC7815 /* LepusApp.swift */; };
		75D1CE572799EDED0048EE28 /* RunView.swift in Sources */ = {isa = PBXBuildFile; fileRef = 756708B427945B190076B317 /* RunView.swift */; };
		75F20309279BC61200D9CE78 /* EditProfileView.swift in Sources */ = {isa = PBXBuildFile; fileRef = 75F20308279BC61200D9CE78 /* EditProfileView.swift */; };
		75F2C4CB2799569800D7F261 /* FirebaseManager.swift in Sources */ = {isa = PBXBuildFile; fileRef = 75F2C4CA2799569800D7F261 /* FirebaseManager.swift */; };
		9113D9E4279586E70064D028 /* Rubik-Medium.ttf in Resources */ = {isa = PBXBuildFile; fileRef = 9113D9E3279586E70064D028 /* Rubik-Medium.ttf */; };
		9113D9E5279586E70064D028 /* Rubik-Medium.ttf in Resources */ = {isa = PBXBuildFile; fileRef = 9113D9E3279586E70064D028 /* Rubik-Medium.ttf */; };
		9113D9E6279586E70064D028 /* Rubik-Medium.ttf in Resources */ = {isa = PBXBuildFile; fileRef = 9113D9E3279586E70064D028 /* Rubik-Medium.ttf */; };
		9113D9E7279586ED0064D028 /* Rubik-Regular.ttf in Resources */ = {isa = PBXBuildFile; fileRef = 91E73907278DD6B700502C0A /* Rubik-Regular.ttf */; };
		9113D9E8279586F00064D028 /* Sansita-BoldItalic.ttf in Resources */ = {isa = PBXBuildFile; fileRef = 91E7390B278DD6DB00502C0A /* Sansita-BoldItalic.ttf */; };
		9113D9EA27959E250064D028 /* User.swift in Sources */ = {isa = PBXBuildFile; fileRef = 9113D9E927959E250064D028 /* User.swift */; };
		9163762F279B213F0075E367 /* CoreDataManager.swift in Sources */ = {isa = PBXBuildFile; fileRef = 9163762E279B213F0075E367 /* CoreDataManager.swift */; };
		917934C02792F96700DCFAC2 /* StartView.swift in Sources */ = {isa = PBXBuildFile; fileRef = 917934BF2792F96700DCFAC2 /* StartView.swift */; };
		917934C22792F97200DCFAC2 /* LoginView.swift in Sources */ = {isa = PBXBuildFile; fileRef = 917934C12792F97200DCFAC2 /* LoginView.swift */; };
		9179518E279C258D002ABAE9 /* BuddyView.swift in Sources */ = {isa = PBXBuildFile; fileRef = 9179518D279C258C002ABAE9 /* BuddyView.swift */; };
		91918B7A2797CECC00278A54 /* ViewExtension.swift in Sources */ = {isa = PBXBuildFile; fileRef = 91918B792797CECC00278A54 /* ViewExtension.swift */; };
		91E73908278DD6B700502C0A /* Rubik-Regular.ttf in Resources */ = {isa = PBXBuildFile; fileRef = 91E73907278DD6B700502C0A /* Rubik-Regular.ttf */; };
		91E73909278DD6B700502C0A /* Rubik-Regular.ttf in Resources */ = {isa = PBXBuildFile; fileRef = 91E73907278DD6B700502C0A /* Rubik-Regular.ttf */; };
		91E7390C278DD6DB00502C0A /* Sansita-BoldItalic.ttf in Resources */ = {isa = PBXBuildFile; fileRef = 91E7390B278DD6DB00502C0A /* Sansita-BoldItalic.ttf */; };
		91E7390D278DD6DB00502C0A /* Sansita-BoldItalic.ttf in Resources */ = {isa = PBXBuildFile; fileRef = 91E7390B278DD6DB00502C0A /* Sansita-BoldItalic.ttf */; };
		B6F09D3A28CDFC0F391A0A1A /* Pods_Lepus_WatchKit_App.framework in Frameworks */ = {isa = PBXBuildFile; fileRef = A78536E054A661D5F8BBDD59 /* Pods_Lepus_WatchKit_App.framework */; };
		D05ABC0E2E85430955A61E23 /* Pods_Lepus.framework in Frameworks */ = {isa = PBXBuildFile; fileRef = 62A80EB9583DE2BCBA7C871B /* Pods_Lepus.framework */; };
/* End PBXBuildFile section */

/* Begin PBXContainerItemProxy section */
		75294696278DC0DB00DC7815 /* PBXContainerItemProxy */ = {
			isa = PBXContainerItemProxy;
			containerPortal = 7529467E278DC0D900DC7815 /* Project object */;
			proxyType = 1;
			remoteGlobalIDString = 75294693278DC0DB00DC7815;
			remoteInfo = "Lepus WatchKit App";
		};
		752946A1278DC0DC00DC7815 /* PBXContainerItemProxy */ = {
			isa = PBXContainerItemProxy;
			containerPortal = 7529467E278DC0D900DC7815 /* Project object */;
			proxyType = 1;
			remoteGlobalIDString = 7529469E278DC0DC00DC7815;
			remoteInfo = "Lepus WatchKit Extension";
		};
/* End PBXContainerItemProxy section */

/* Begin PBXCopyFilesBuildPhase section */
		752946BA278DC0DD00DC7815 /* Embed App Extensions */ = {
			isa = PBXCopyFilesBuildPhase;
			buildActionMask = 2147483647;
			dstPath = "";
			dstSubfolderSpec = 13;
			files = (
				752946A0278DC0DC00DC7815 /* Lepus WatchKit Extension.appex in Embed App Extensions */,
			);
			name = "Embed App Extensions";
			runOnlyForDeploymentPostprocessing = 0;
		};
		752946BE278DC0DD00DC7815 /* Embed Watch Content */ = {
			isa = PBXCopyFilesBuildPhase;
			buildActionMask = 2147483647;
			dstPath = "$(CONTENTS_FOLDER_PATH)/Watch";
			dstSubfolderSpec = 16;
			files = (
				75294695278DC0DB00DC7815 /* Lepus WatchKit App.app in Embed Watch Content */,
			);
			name = "Embed Watch Content";
			runOnlyForDeploymentPostprocessing = 0;
		};
/* End PBXCopyFilesBuildPhase section */

/* Begin PBXFileReference section */
		0C08AC03645C04F9076E4DD9 /* Pods-Lepus WatchKit Extension.release.xcconfig */ = {isa = PBXFileReference; includeInIndex = 1; lastKnownFileType = text.xcconfig; name = "Pods-Lepus WatchKit Extension.release.xcconfig"; path = "Target Support Files/Pods-Lepus WatchKit Extension/Pods-Lepus WatchKit Extension.release.xcconfig"; sourceTree = "<group>"; };
		0EF6A1E5278E973D00E55FAA /* RegisterView.swift */ = {isa = PBXFileReference; lastKnownFileType = sourcecode.swift; path = RegisterView.swift; sourceTree = "<group>"; };
		1CBCC2E2D5BC8C300D7E9CE9 /* Pods_Lepus_WatchKit_Extension.framework */ = {isa = PBXFileReference; explicitFileType = wrapper.framework; includeInIndex = 0; path = Pods_Lepus_WatchKit_Extension.framework; sourceTree = BUILT_PRODUCTS_DIR; };
		5510CD28EB7A0FDBB3E5B48E /* Pods-Lepus WatchKit App.debug.xcconfig */ = {isa = PBXFileReference; includeInIndex = 1; lastKnownFileType = text.xcconfig; name = "Pods-Lepus WatchKit App.debug.xcconfig"; path = "Target Support Files/Pods-Lepus WatchKit App/Pods-Lepus WatchKit App.debug.xcconfig"; sourceTree = "<group>"; };
		62A80EB9583DE2BCBA7C871B /* Pods_Lepus.framework */ = {isa = PBXFileReference; explicitFileType = wrapper.framework; includeInIndex = 0; path = Pods_Lepus.framework; sourceTree = BUILT_PRODUCTS_DIR; };
		697AE6BF35060EC4D35E17A2 /* Pods-Lepus WatchKit Extension.debug.xcconfig */ = {isa = PBXFileReference; includeInIndex = 1; lastKnownFileType = text.xcconfig; name = "Pods-Lepus WatchKit Extension.debug.xcconfig"; path = "Target Support Files/Pods-Lepus WatchKit Extension/Pods-Lepus WatchKit Extension.debug.xcconfig"; sourceTree = "<group>"; };
		75268B712793DA1600657768 /* NavigationBar.swift */ = {isa = PBXFileReference; lastKnownFileType = sourcecode.swift; path = NavigationBar.swift; sourceTree = "<group>"; };
		75294686278DC0D900DC7815 /* Lepus.app */ = {isa = PBXFileReference; explicitFileType = wrapper.application; includeInIndex = 0; path = Lepus.app; sourceTree = BUILT_PRODUCTS_DIR; };
		75294689278DC0D900DC7815 /* LepusApp.swift */ = {isa = PBXFileReference; lastKnownFileType = sourcecode.swift; path = LepusApp.swift; sourceTree = "<group>"; };
		7529468B278DC0D900DC7815 /* RunTabView.swift */ = {isa = PBXFileReference; lastKnownFileType = sourcecode.swift; path = RunTabView.swift; sourceTree = "<group>"; };
		7529468D278DC0DB00DC7815 /* Assets.xcassets */ = {isa = PBXFileReference; lastKnownFileType = folder.assetcatalog; path = Assets.xcassets; sourceTree = "<group>"; };
		75294690278DC0DB00DC7815 /* Preview Assets.xcassets */ = {isa = PBXFileReference; lastKnownFileType = folder.assetcatalog; path = "Preview Assets.xcassets"; sourceTree = "<group>"; };
		75294694278DC0DB00DC7815 /* Lepus WatchKit App.app */ = {isa = PBXFileReference; explicitFileType = wrapper.application; includeInIndex = 0; path = "Lepus WatchKit App.app"; sourceTree = BUILT_PRODUCTS_DIR; };
		75294699278DC0DC00DC7815 /* Assets.xcassets */ = {isa = PBXFileReference; lastKnownFileType = folder.assetcatalog; path = Assets.xcassets; sourceTree = "<group>"; };
		7529469F278DC0DC00DC7815 /* Lepus WatchKit Extension.appex */ = {isa = PBXFileReference; explicitFileType = "wrapper.app-extension"; includeInIndex = 0; path = "Lepus WatchKit Extension.appex"; sourceTree = BUILT_PRODUCTS_DIR; };
		752946A4278DC0DC00DC7815 /* LepusApp.swift */ = {isa = PBXFileReference; lastKnownFileType = sourcecode.swift; path = LepusApp.swift; sourceTree = "<group>"; };
		752946A6278DC0DC00DC7815 /* ContentView.swift */ = {isa = PBXFileReference; lastKnownFileType = sourcecode.swift; path = ContentView.swift; sourceTree = "<group>"; };
		752946A8278DC0DC00DC7815 /* NotificationController.swift */ = {isa = PBXFileReference; lastKnownFileType = sourcecode.swift; path = NotificationController.swift; sourceTree = "<group>"; };
		752946AA278DC0DC00DC7815 /* NotificationView.swift */ = {isa = PBXFileReference; lastKnownFileType = sourcecode.swift; path = NotificationView.swift; sourceTree = "<group>"; };
		752946AC278DC0DC00DC7815 /* ComplicationController.swift */ = {isa = PBXFileReference; lastKnownFileType = sourcecode.swift; path = ComplicationController.swift; sourceTree = "<group>"; };
		752946AE278DC0DD00DC7815 /* Assets.xcassets */ = {isa = PBXFileReference; lastKnownFileType = folder.assetcatalog; path = Assets.xcassets; sourceTree = "<group>"; };
		752946B1278DC0DD00DC7815 /* Preview Assets.xcassets */ = {isa = PBXFileReference; lastKnownFileType = folder.assetcatalog; path = "Preview Assets.xcassets"; sourceTree = "<group>"; };
		752946B3278DC0DD00DC7815 /* Info.plist */ = {isa = PBXFileReference; lastKnownFileType = text.plist.xml; path = Info.plist; sourceTree = "<group>"; };
		752946B4278DC0DD00DC7815 /* PushNotificationPayload.apns */ = {isa = PBXFileReference; lastKnownFileType = text; path = PushNotificationPayload.apns; sourceTree = "<group>"; };
		752946C2278DC10300DC7815 /* MapView.swift */ = {isa = PBXFileReference; lastKnownFileType = sourcecode.swift; path = MapView.swift; sourceTree = "<group>"; };
		752946C4278DC13400DC7815 /* StopwatchManager.swift */ = {isa = PBXFileReference; lastKnownFileType = sourcecode.swift; path = StopwatchManager.swift; sourceTree = "<group>"; };
		752946D8278DF00700DC7815 /* GoogleService-Info.plist */ = {isa = PBXFileReference; fileEncoding = 4; lastKnownFileType = text.plist.xml; path = "GoogleService-Info.plist"; sourceTree = "<group>"; };
		756708B427945B190076B317 /* RunView.swift */ = {isa = PBXFileReference; lastKnownFileType = sourcecode.swift; path = RunView.swift; sourceTree = "<group>"; };
		7594C740279317A100C4C20F /* TabViewUI.swift */ = {isa = PBXFileReference; lastKnownFileType = sourcecode.swift; path = TabViewUI.swift; sourceTree = "<group>"; };
		7594C74227931F0B00C4C20F /* ProfileTabView.swift */ = {isa = PBXFileReference; lastKnownFileType = sourcecode.swift; path = ProfileTabView.swift; sourceTree = "<group>"; };
		75D1CE4D2799E9D40048EE28 /* Lepus.xcdatamodel */ = {isa = PBXFileReference; lastKnownFileType = wrapper.xcdatamodel; path = Lepus.xcdatamodel; sourceTree = "<group>"; };
		75D1CE4F2799EA470048EE28 /* Run.swift */ = {isa = PBXFileReference; fileEncoding = 4; lastKnownFileType = sourcecode.swift; path = Run.swift; sourceTree = "<group>"; };
		75F20308279BC61200D9CE78 /* EditProfileView.swift */ = {isa = PBXFileReference; lastKnownFileType = sourcecode.swift; path = EditProfileView.swift; sourceTree = "<group>"; };
		75F2C4CA2799569800D7F261 /* FirebaseManager.swift */ = {isa = PBXFileReference; lastKnownFileType = sourcecode.swift; path = FirebaseManager.swift; sourceTree = "<group>"; };
		9113D9E3279586E70064D028 /* Rubik-Medium.ttf */ = {isa = PBXFileReference; lastKnownFileType = file; path = "Rubik-Medium.ttf"; sourceTree = "<group>"; };
		9113D9E927959E250064D028 /* User.swift */ = {isa = PBXFileReference; lastKnownFileType = sourcecode.swift; path = User.swift; sourceTree = "<group>"; };
		9163762E279B213F0075E367 /* CoreDataManager.swift */ = {isa = PBXFileReference; lastKnownFileType = sourcecode.swift; path = CoreDataManager.swift; sourceTree = "<group>"; };
		917934BF2792F96700DCFAC2 /* StartView.swift */ = {isa = PBXFileReference; lastKnownFileType = sourcecode.swift; path = StartView.swift; sourceTree = "<group>"; };
		917934C12792F97200DCFAC2 /* LoginView.swift */ = {isa = PBXFileReference; lastKnownFileType = sourcecode.swift; path = LoginView.swift; sourceTree = "<group>"; };
		9179518D279C258C002ABAE9 /* BuddyView.swift */ = {isa = PBXFileReference; lastKnownFileType = sourcecode.swift; path = BuddyView.swift; sourceTree = "<group>"; };
		91918B792797CECC00278A54 /* ViewExtension.swift */ = {isa = PBXFileReference; lastKnownFileType = sourcecode.swift; path = ViewExtension.swift; sourceTree = "<group>"; };
		91E73907278DD6B700502C0A /* Rubik-Regular.ttf */ = {isa = PBXFileReference; lastKnownFileType = file; path = "Rubik-Regular.ttf"; sourceTree = "<group>"; };
		91E7390B278DD6DB00502C0A /* Sansita-BoldItalic.ttf */ = {isa = PBXFileReference; lastKnownFileType = file; path = "Sansita-BoldItalic.ttf"; sourceTree = "<group>"; };
		A78536E054A661D5F8BBDD59 /* Pods_Lepus_WatchKit_App.framework */ = {isa = PBXFileReference; explicitFileType = wrapper.framework; includeInIndex = 0; path = Pods_Lepus_WatchKit_App.framework; sourceTree = BUILT_PRODUCTS_DIR; };
		C7831A4C563F250D62A504D7 /* Pods-Lepus.release.xcconfig */ = {isa = PBXFileReference; includeInIndex = 1; lastKnownFileType = text.xcconfig; name = "Pods-Lepus.release.xcconfig"; path = "Target Support Files/Pods-Lepus/Pods-Lepus.release.xcconfig"; sourceTree = "<group>"; };
		C7CFAB99A1CA167D9251899A /* Pods-Lepus.debug.xcconfig */ = {isa = PBXFileReference; includeInIndex = 1; lastKnownFileType = text.xcconfig; name = "Pods-Lepus.debug.xcconfig"; path = "Target Support Files/Pods-Lepus/Pods-Lepus.debug.xcconfig"; sourceTree = "<group>"; };
		E021C067295B04AD5EC6EDD0 /* Pods-Lepus WatchKit App.release.xcconfig */ = {isa = PBXFileReference; includeInIndex = 1; lastKnownFileType = text.xcconfig; name = "Pods-Lepus WatchKit App.release.xcconfig"; path = "Target Support Files/Pods-Lepus WatchKit App/Pods-Lepus WatchKit App.release.xcconfig"; sourceTree = "<group>"; };
/* End PBXFileReference section */

/* Begin PBXFrameworksBuildPhase section */
		5586695CAB4F1153EC319221 /* Frameworks */ = {
			isa = PBXFrameworksBuildPhase;
			buildActionMask = 2147483647;
			files = (
				B6F09D3A28CDFC0F391A0A1A /* Pods_Lepus_WatchKit_App.framework in Frameworks */,
			);
			runOnlyForDeploymentPostprocessing = 0;
		};
		75294683278DC0D900DC7815 /* Frameworks */ = {
			isa = PBXFrameworksBuildPhase;
			buildActionMask = 2147483647;
			files = (
				D05ABC0E2E85430955A61E23 /* Pods_Lepus.framework in Frameworks */,
			);
			runOnlyForDeploymentPostprocessing = 0;
		};
		7529469C278DC0DC00DC7815 /* Frameworks */ = {
			isa = PBXFrameworksBuildPhase;
			buildActionMask = 2147483647;
			files = (
				445350535B279C9B4EAA1773 /* Pods_Lepus_WatchKit_Extension.framework in Frameworks */,
			);
			runOnlyForDeploymentPostprocessing = 0;
		};
/* End PBXFrameworksBuildPhase section */

/* Begin PBXGroup section */
		7088EC28D2C7E290C2E481D5 /* Pods */ = {
			isa = PBXGroup;
			children = (
				C7CFAB99A1CA167D9251899A /* Pods-Lepus.debug.xcconfig */,
				C7831A4C563F250D62A504D7 /* Pods-Lepus.release.xcconfig */,
				5510CD28EB7A0FDBB3E5B48E /* Pods-Lepus WatchKit App.debug.xcconfig */,
				E021C067295B04AD5EC6EDD0 /* Pods-Lepus WatchKit App.release.xcconfig */,
				697AE6BF35060EC4D35E17A2 /* Pods-Lepus WatchKit Extension.debug.xcconfig */,
				0C08AC03645C04F9076E4DD9 /* Pods-Lepus WatchKit Extension.release.xcconfig */,
			);
			path = Pods;
			sourceTree = "<group>";
		};
		7529467D278DC0D900DC7815 = {
			isa = PBXGroup;
			children = (
				752946D8278DF00700DC7815 /* GoogleService-Info.plist */,
				91E73902278DD61100502C0A /* Fonts */,
				75294688278DC0D900DC7815 /* Lepus */,
				75294698278DC0DB00DC7815 /* Lepus WatchKit App */,
				752946A3278DC0DC00DC7815 /* Lepus WatchKit Extension */,
				75294687278DC0D900DC7815 /* Products */,
				7088EC28D2C7E290C2E481D5 /* Pods */,
				7C35D3E5445052D6BD770963 /* Frameworks */,
				75D1CE492799E8EE0048EE28 /* Recovered References */,
			);
			sourceTree = "<group>";
		};
		75294687278DC0D900DC7815 /* Products */ = {
			isa = PBXGroup;
			children = (
				75294686278DC0D900DC7815 /* Lepus.app */,
				75294694278DC0DB00DC7815 /* Lepus WatchKit App.app */,
				7529469F278DC0DC00DC7815 /* Lepus WatchKit Extension.appex */,
			);
			name = Products;
			sourceTree = "<group>";
		};
		75294688278DC0D900DC7815 /* Lepus */ = {
			isa = PBXGroup;
			children = (
				75294689278DC0D900DC7815 /* LepusApp.swift */,
				7594C740279317A100C4C20F /* TabViewUI.swift */,
				7594C74227931F0B00C4C20F /* ProfileTabView.swift */,
				9179518D279C258C002ABAE9 /* BuddyView.swift */,
				75F2C4CA2799569800D7F261 /* FirebaseManager.swift */,
				917934BF2792F96700DCFAC2 /* StartView.swift */,
				917934C12792F97200DCFAC2 /* LoginView.swift */,
				0EF6A1E5278E973D00E55FAA /* RegisterView.swift */,
				7529468B278DC0D900DC7815 /* RunTabView.swift */,
				752946C2278DC10300DC7815 /* MapView.swift */,
				752946C4278DC13400DC7815 /* StopwatchManager.swift */,
				75268B712793DA1600657768 /* NavigationBar.swift */,
				756708B427945B190076B317 /* RunView.swift */,
				75F20308279BC61200D9CE78 /* EditProfileView.swift */,
				75D1CE4F2799EA470048EE28 /* Run.swift */,
				9163762E279B213F0075E367 /* CoreDataManager.swift */,
				91918B792797CECC00278A54 /* ViewExtension.swift */,
				75D1CE4C2799E9D40048EE28 /* Lepus.xcdatamodeld */,
				7529468D278DC0DB00DC7815 /* Assets.xcassets */,
				7529468F278DC0DB00DC7815 /* Preview Content */,
			);
			path = Lepus;
			sourceTree = "<group>";
		};
		7529468F278DC0DB00DC7815 /* Preview Content */ = {
			isa = PBXGroup;
			children = (
				75294690278DC0DB00DC7815 /* Preview Assets.xcassets */,
			);
			path = "Preview Content";
			sourceTree = "<group>";
		};
		75294698278DC0DB00DC7815 /* Lepus WatchKit App */ = {
			isa = PBXGroup;
			children = (
				75294699278DC0DC00DC7815 /* Assets.xcassets */,
			);
			path = "Lepus WatchKit App";
			sourceTree = "<group>";
		};
		752946A3278DC0DC00DC7815 /* Lepus WatchKit Extension */ = {
			isa = PBXGroup;
			children = (
				752946A4278DC0DC00DC7815 /* LepusApp.swift */,
				752946A6278DC0DC00DC7815 /* ContentView.swift */,
				752946A8278DC0DC00DC7815 /* NotificationController.swift */,
				752946AA278DC0DC00DC7815 /* NotificationView.swift */,
				752946AC278DC0DC00DC7815 /* ComplicationController.swift */,
				752946AE278DC0DD00DC7815 /* Assets.xcassets */,
				752946B3278DC0DD00DC7815 /* Info.plist */,
				752946B4278DC0DD00DC7815 /* PushNotificationPayload.apns */,
				752946B0278DC0DD00DC7815 /* Preview Content */,
			);
			path = "Lepus WatchKit Extension";
			sourceTree = "<group>";
		};
		752946B0278DC0DD00DC7815 /* Preview Content */ = {
			isa = PBXGroup;
			children = (
				752946B1278DC0DD00DC7815 /* Preview Assets.xcassets */,
			);
			path = "Preview Content";
			sourceTree = "<group>";
		};
		75D1CE492799E8EE0048EE28 /* Recovered References */ = {
			isa = PBXGroup;
			children = (
			);
			name = "Recovered References";
			sourceTree = "<group>";
		};
		7C35D3E5445052D6BD770963 /* Frameworks */ = {
			isa = PBXGroup;
			children = (
				62A80EB9583DE2BCBA7C871B /* Pods_Lepus.framework */,
				A78536E054A661D5F8BBDD59 /* Pods_Lepus_WatchKit_App.framework */,
				1CBCC2E2D5BC8C300D7E9CE9 /* Pods_Lepus_WatchKit_Extension.framework */,
			);
			name = Frameworks;
			sourceTree = "<group>";
		};
		91E73902278DD61100502C0A /* Fonts */ = {
			isa = PBXGroup;
			children = (
				91E7390A278DD6C600502C0A /* Sansita-One */,
				91E73903278DD61F00502C0A /* Rubik */,
			);
			path = Fonts;
			sourceTree = "<group>";
		};
		91E73903278DD61F00502C0A /* Rubik */ = {
			isa = PBXGroup;
			children = (
				91E73907278DD6B700502C0A /* Rubik-Regular.ttf */,
				9113D9E3279586E70064D028 /* Rubik-Medium.ttf */,
			);
			path = Rubik;
			sourceTree = "<group>";
		};
		91E7390A278DD6C600502C0A /* Sansita-One */ = {
			isa = PBXGroup;
			children = (
				91E7390B278DD6DB00502C0A /* Sansita-BoldItalic.ttf */,
			);
			path = "Sansita-One";
			sourceTree = "<group>";
		};
/* End PBXGroup section */

/* Begin PBXNativeTarget section */
		75294685278DC0D900DC7815 /* Lepus */ = {
			isa = PBXNativeTarget;
			buildConfigurationList = 752946BF278DC0DD00DC7815 /* Build configuration list for PBXNativeTarget "Lepus" */;
			buildPhases = (
				1E9BD0B72ED7B9088C897DC4 /* [CP] Check Pods Manifest.lock */,
				75294682278DC0D900DC7815 /* Sources */,
				75294683278DC0D900DC7815 /* Frameworks */,
				75294684278DC0D900DC7815 /* Resources */,
				752946BE278DC0DD00DC7815 /* Embed Watch Content */,
				00CCBC6734B57556653F330D /* [CP] Embed Pods Frameworks */,
			);
			buildRules = (
			);
			dependencies = (
				75294697278DC0DB00DC7815 /* PBXTargetDependency */,
			);
			name = Lepus;
			packageProductDependencies = (
			);
			productName = Lepus;
			productReference = 75294686278DC0D900DC7815 /* Lepus.app */;
			productType = "com.apple.product-type.application";
		};
		75294693278DC0DB00DC7815 /* Lepus WatchKit App */ = {
			isa = PBXNativeTarget;
			buildConfigurationList = 752946BB278DC0DD00DC7815 /* Build configuration list for PBXNativeTarget "Lepus WatchKit App" */;
			buildPhases = (
				7BE538673C3D78DC645A336D /* [CP] Check Pods Manifest.lock */,
				75294692278DC0DB00DC7815 /* Resources */,
				752946BA278DC0DD00DC7815 /* Embed App Extensions */,
				5586695CAB4F1153EC319221 /* Frameworks */,
			);
			buildRules = (
			);
			dependencies = (
				752946A2278DC0DC00DC7815 /* PBXTargetDependency */,
			);
			name = "Lepus WatchKit App";
			productName = "Lepus WatchKit App";
			productReference = 75294694278DC0DB00DC7815 /* Lepus WatchKit App.app */;
			productType = "com.apple.product-type.application.watchapp2";
		};
		7529469E278DC0DC00DC7815 /* Lepus WatchKit Extension */ = {
			isa = PBXNativeTarget;
			buildConfigurationList = 752946B7278DC0DD00DC7815 /* Build configuration list for PBXNativeTarget "Lepus WatchKit Extension" */;
			buildPhases = (
				E713D88FF6795E734E4F3549 /* [CP] Check Pods Manifest.lock */,
				7529469B278DC0DC00DC7815 /* Sources */,
				7529469C278DC0DC00DC7815 /* Frameworks */,
				7529469D278DC0DC00DC7815 /* Resources */,
			);
			buildRules = (
			);
			dependencies = (
			);
			name = "Lepus WatchKit Extension";
			productName = "Lepus WatchKit Extension";
			productReference = 7529469F278DC0DC00DC7815 /* Lepus WatchKit Extension.appex */;
			productType = "com.apple.product-type.watchkit2-extension";
		};
/* End PBXNativeTarget section */

/* Begin PBXProject section */
		7529467E278DC0D900DC7815 /* Project object */ = {
			isa = PBXProject;
			attributes = {
				BuildIndependentTargetsInParallel = 1;
				LastSwiftUpdateCheck = 1310;
				LastUpgradeCheck = 1310;
				TargetAttributes = {
					75294685278DC0D900DC7815 = {
						CreatedOnToolsVersion = 13.1;
					};
					75294693278DC0DB00DC7815 = {
						CreatedOnToolsVersion = 13.1;
					};
					7529469E278DC0DC00DC7815 = {
						CreatedOnToolsVersion = 13.1;
					};
				};
			};
			buildConfigurationList = 75294681278DC0D900DC7815 /* Build configuration list for PBXProject "Lepus" */;
			compatibilityVersion = "Xcode 13.0";
			developmentRegion = en;
			hasScannedForEncodings = 0;
			knownRegions = (
				en,
				Base,
			);
			mainGroup = 7529467D278DC0D900DC7815;
			packageReferences = (
			);
			productRefGroup = 75294687278DC0D900DC7815 /* Products */;
			projectDirPath = "";
			projectRoot = "";
			targets = (
				75294685278DC0D900DC7815 /* Lepus */,
				75294693278DC0DB00DC7815 /* Lepus WatchKit App */,
				7529469E278DC0DC00DC7815 /* Lepus WatchKit Extension */,
			);
		};
/* End PBXProject section */

/* Begin PBXResourcesBuildPhase section */
		75294684278DC0D900DC7815 /* Resources */ = {
			isa = PBXResourcesBuildPhase;
			buildActionMask = 2147483647;
			files = (
				75294691278DC0DB00DC7815 /* Preview Assets.xcassets in Resources */,
				91E7390C278DD6DB00502C0A /* Sansita-BoldItalic.ttf in Resources */,
				752946D9278DF00700DC7815 /* GoogleService-Info.plist in Resources */,
				9113D9E4279586E70064D028 /* Rubik-Medium.ttf in Resources */,
				91E73908278DD6B700502C0A /* Rubik-Regular.ttf in Resources */,
				7529468E278DC0DB00DC7815 /* Assets.xcassets in Resources */,
			);
			runOnlyForDeploymentPostprocessing = 0;
		};
		75294692278DC0DB00DC7815 /* Resources */ = {
			isa = PBXResourcesBuildPhase;
			buildActionMask = 2147483647;
			files = (
				7529469A278DC0DC00DC7815 /* Assets.xcassets in Resources */,
				752946DA278DF00700DC7815 /* GoogleService-Info.plist in Resources */,
				91E73909278DD6B700502C0A /* Rubik-Regular.ttf in Resources */,
				91E7390D278DD6DB00502C0A /* Sansita-BoldItalic.ttf in Resources */,
				9113D9E5279586E70064D028 /* Rubik-Medium.ttf in Resources */,
			);
			runOnlyForDeploymentPostprocessing = 0;
		};
		7529469D278DC0DC00DC7815 /* Resources */ = {
			isa = PBXResourcesBuildPhase;
			buildActionMask = 2147483647;
			files = (
				752946B2278DC0DD00DC7815 /* Preview Assets.xcassets in Resources */,
				752946AF278DC0DD00DC7815 /* Assets.xcassets in Resources */,
				752946DB278DF00700DC7815 /* GoogleService-Info.plist in Resources */,
				9113D9E7279586ED0064D028 /* Rubik-Regular.ttf in Resources */,
				9113D9E6279586E70064D028 /* Rubik-Medium.ttf in Resources */,
				9113D9E8279586F00064D028 /* Sansita-BoldItalic.ttf in Resources */,
			);
			runOnlyForDeploymentPostprocessing = 0;
		};
/* End PBXResourcesBuildPhase section */

/* Begin PBXShellScriptBuildPhase section */
		00CCBC6734B57556653F330D /* [CP] Embed Pods Frameworks */ = {
			isa = PBXShellScriptBuildPhase;
			buildActionMask = 2147483647;
			files = (
			);
			inputFileListPaths = (
				"${PODS_ROOT}/Target Support Files/Pods-Lepus/Pods-Lepus-frameworks-${CONFIGURATION}-input-files.xcfilelist",
			);
			name = "[CP] Embed Pods Frameworks";
			outputFileListPaths = (
				"${PODS_ROOT}/Target Support Files/Pods-Lepus/Pods-Lepus-frameworks-${CONFIGURATION}-output-files.xcfilelist",
			);
			runOnlyForDeploymentPostprocessing = 0;
			shellPath = /bin/sh;
			shellScript = "\"${PODS_ROOT}/Target Support Files/Pods-Lepus/Pods-Lepus-frameworks.sh\"\n";
			showEnvVarsInLog = 0;
		};
		1E9BD0B72ED7B9088C897DC4 /* [CP] Check Pods Manifest.lock */ = {
			isa = PBXShellScriptBuildPhase;
			buildActionMask = 2147483647;
			files = (
			);
			inputFileListPaths = (
			);
			inputPaths = (
				"${PODS_PODFILE_DIR_PATH}/Podfile.lock",
				"${PODS_ROOT}/Manifest.lock",
			);
			name = "[CP] Check Pods Manifest.lock";
			outputFileListPaths = (
			);
			outputPaths = (
				"$(DERIVED_FILE_DIR)/Pods-Lepus-checkManifestLockResult.txt",
			);
			runOnlyForDeploymentPostprocessing = 0;
			shellPath = /bin/sh;
			shellScript = "diff \"${PODS_PODFILE_DIR_PATH}/Podfile.lock\" \"${PODS_ROOT}/Manifest.lock\" > /dev/null\nif [ $? != 0 ] ; then\n    # print error to STDERR\n    echo \"error: The sandbox is not in sync with the Podfile.lock. Run 'pod install' or update your CocoaPods installation.\" >&2\n    exit 1\nfi\n# This output is used by Xcode 'outputs' to avoid re-running this script phase.\necho \"SUCCESS\" > \"${SCRIPT_OUTPUT_FILE_0}\"\n";
			showEnvVarsInLog = 0;
		};
		7BE538673C3D78DC645A336D /* [CP] Check Pods Manifest.lock */ = {
			isa = PBXShellScriptBuildPhase;
			buildActionMask = 2147483647;
			files = (
			);
			inputFileListPaths = (
			);
			inputPaths = (
				"${PODS_PODFILE_DIR_PATH}/Podfile.lock",
				"${PODS_ROOT}/Manifest.lock",
			);
			name = "[CP] Check Pods Manifest.lock";
			outputFileListPaths = (
			);
			outputPaths = (
				"$(DERIVED_FILE_DIR)/Pods-Lepus WatchKit App-checkManifestLockResult.txt",
			);
			runOnlyForDeploymentPostprocessing = 0;
			shellPath = /bin/sh;
			shellScript = "diff \"${PODS_PODFILE_DIR_PATH}/Podfile.lock\" \"${PODS_ROOT}/Manifest.lock\" > /dev/null\nif [ $? != 0 ] ; then\n    # print error to STDERR\n    echo \"error: The sandbox is not in sync with the Podfile.lock. Run 'pod install' or update your CocoaPods installation.\" >&2\n    exit 1\nfi\n# This output is used by Xcode 'outputs' to avoid re-running this script phase.\necho \"SUCCESS\" > \"${SCRIPT_OUTPUT_FILE_0}\"\n";
			showEnvVarsInLog = 0;
		};
		E713D88FF6795E734E4F3549 /* [CP] Check Pods Manifest.lock */ = {
			isa = PBXShellScriptBuildPhase;
			buildActionMask = 2147483647;
			files = (
			);
			inputFileListPaths = (
			);
			inputPaths = (
				"${PODS_PODFILE_DIR_PATH}/Podfile.lock",
				"${PODS_ROOT}/Manifest.lock",
			);
			name = "[CP] Check Pods Manifest.lock";
			outputFileListPaths = (
			);
			outputPaths = (
				"$(DERIVED_FILE_DIR)/Pods-Lepus WatchKit Extension-checkManifestLockResult.txt",
			);
			runOnlyForDeploymentPostprocessing = 0;
			shellPath = /bin/sh;
			shellScript = "diff \"${PODS_PODFILE_DIR_PATH}/Podfile.lock\" \"${PODS_ROOT}/Manifest.lock\" > /dev/null\nif [ $? != 0 ] ; then\n    # print error to STDERR\n    echo \"error: The sandbox is not in sync with the Podfile.lock. Run 'pod install' or update your CocoaPods installation.\" >&2\n    exit 1\nfi\n# This output is used by Xcode 'outputs' to avoid re-running this script phase.\necho \"SUCCESS\" > \"${SCRIPT_OUTPUT_FILE_0}\"\n";
			showEnvVarsInLog = 0;
		};
/* End PBXShellScriptBuildPhase section */

/* Begin PBXSourcesBuildPhase section */
		75294682278DC0D900DC7815 /* Sources */ = {
			isa = PBXSourcesBuildPhase;
			buildActionMask = 2147483647;
			files = (
				75D1CE572799EDED0048EE28 /* RunView.swift in Sources */,
				75D1CE562799EDE70048EE28 /* LepusApp.swift in Sources */,
				9113D9EA27959E250064D028 /* User.swift in Sources */,
				9163762F279B213F0075E367 /* CoreDataManager.swift in Sources */,
				75D1CE502799EA470048EE28 /* Run.swift in Sources */,
				7529468C278DC0D900DC7815 /* RunTabView.swift in Sources */,
				917934C22792F97200DCFAC2 /* LoginView.swift in Sources */,
				7594C741279317A100C4C20F /* TabViewUI.swift in Sources */,
				0EF6A1E6278E973D00E55FAA /* RegisterView.swift in Sources */,
				75268B722793DA1600657768 /* NavigationBar.swift in Sources */,
				75F20309279BC61200D9CE78 /* EditProfileView.swift in Sources */,
				752946C5278DC13400DC7815 /* StopwatchManager.swift in Sources */,
				9179518E279C258D002ABAE9 /* BuddyView.swift in Sources */,
				917934C02792F96700DCFAC2 /* StartView.swift in Sources */,
				752946C3278DC10300DC7815 /* MapView.swift in Sources */,
				75D1CE542799EC320048EE28 /* Lepus.xcdatamodeld in Sources */,
				91918B7A2797CECC00278A54 /* ViewExtension.swift in Sources */,
				7594C74327931F0B00C4C20F /* ProfileTabView.swift in Sources */,
				75F2C4CB2799569800D7F261 /* FirebaseManager.swift in Sources */,
			);
			runOnlyForDeploymentPostprocessing = 0;
		};
		7529469B278DC0DC00DC7815 /* Sources */ = {
			isa = PBXSourcesBuildPhase;
			buildActionMask = 2147483647;
			files = (
				752946A9278DC0DC00DC7815 /* NotificationController.swift in Sources */,
				752946A7278DC0DC00DC7815 /* ContentView.swift in Sources */,
				752946AD278DC0DC00DC7815 /* ComplicationController.swift in Sources */,
				752946A5278DC0DC00DC7815 /* LepusApp.swift in Sources */,
				752946AB278DC0DC00DC7815 /* NotificationView.swift in Sources */,
			);
			runOnlyForDeploymentPostprocessing = 0;
		};
/* End PBXSourcesBuildPhase section */

/* Begin PBXTargetDependency section */
		75294697278DC0DB00DC7815 /* PBXTargetDependency */ = {
			isa = PBXTargetDependency;
			target = 75294693278DC0DB00DC7815 /* Lepus WatchKit App */;
			targetProxy = 75294696278DC0DB00DC7815 /* PBXContainerItemProxy */;
		};
		752946A2278DC0DC00DC7815 /* PBXTargetDependency */ = {
			isa = PBXTargetDependency;
			target = 7529469E278DC0DC00DC7815 /* Lepus WatchKit Extension */;
			targetProxy = 752946A1278DC0DC00DC7815 /* PBXContainerItemProxy */;
		};
/* End PBXTargetDependency section */

/* Begin XCBuildConfiguration section */
		752946B5278DC0DD00DC7815 /* Debug */ = {
			isa = XCBuildConfiguration;
			buildSettings = {
				ALWAYS_SEARCH_USER_PATHS = NO;
				CLANG_ANALYZER_NONNULL = YES;
				CLANG_ANALYZER_NUMBER_OBJECT_CONVERSION = YES_AGGRESSIVE;
				CLANG_CXX_LANGUAGE_STANDARD = "gnu++17";
				CLANG_CXX_LIBRARY = "libc++";
				CLANG_ENABLE_MODULES = YES;
				CLANG_ENABLE_OBJC_ARC = YES;
				CLANG_ENABLE_OBJC_WEAK = YES;
				CLANG_WARN_BLOCK_CAPTURE_AUTORELEASING = YES;
				CLANG_WARN_BOOL_CONVERSION = YES;
				CLANG_WARN_COMMA = YES;
				CLANG_WARN_CONSTANT_CONVERSION = YES;
				CLANG_WARN_DEPRECATED_OBJC_IMPLEMENTATIONS = YES;
				CLANG_WARN_DIRECT_OBJC_ISA_USAGE = YES_ERROR;
				CLANG_WARN_DOCUMENTATION_COMMENTS = YES;
				CLANG_WARN_EMPTY_BODY = YES;
				CLANG_WARN_ENUM_CONVERSION = YES;
				CLANG_WARN_INFINITE_RECURSION = YES;
				CLANG_WARN_INT_CONVERSION = YES;
				CLANG_WARN_NON_LITERAL_NULL_CONVERSION = YES;
				CLANG_WARN_OBJC_IMPLICIT_RETAIN_SELF = YES;
				CLANG_WARN_OBJC_LITERAL_CONVERSION = YES;
				CLANG_WARN_OBJC_ROOT_CLASS = YES_ERROR;
				CLANG_WARN_QUOTED_INCLUDE_IN_FRAMEWORK_HEADER = YES;
				CLANG_WARN_RANGE_LOOP_ANALYSIS = YES;
				CLANG_WARN_STRICT_PROTOTYPES = YES;
				CLANG_WARN_SUSPICIOUS_MOVE = YES;
				CLANG_WARN_UNGUARDED_AVAILABILITY = YES_AGGRESSIVE;
				CLANG_WARN_UNREACHABLE_CODE = YES;
				CLANG_WARN__DUPLICATE_METHOD_MATCH = YES;
				COPY_PHASE_STRIP = NO;
				DEBUG_INFORMATION_FORMAT = dwarf;
				ENABLE_STRICT_OBJC_MSGSEND = YES;
				ENABLE_TESTABILITY = YES;
				GCC_C_LANGUAGE_STANDARD = gnu11;
				GCC_DYNAMIC_NO_PIC = NO;
				GCC_NO_COMMON_BLOCKS = YES;
				GCC_OPTIMIZATION_LEVEL = 0;
				GCC_PREPROCESSOR_DEFINITIONS = (
					"DEBUG=1",
					"$(inherited)",
				);
				GCC_WARN_64_TO_32_BIT_CONVERSION = YES;
				GCC_WARN_ABOUT_RETURN_TYPE = YES_ERROR;
				GCC_WARN_UNDECLARED_SELECTOR = YES;
				GCC_WARN_UNINITIALIZED_AUTOS = YES_AGGRESSIVE;
				GCC_WARN_UNUSED_FUNCTION = YES;
				GCC_WARN_UNUSED_VARIABLE = YES;
				MTL_ENABLE_DEBUG_INFO = INCLUDE_SOURCE;
				MTL_FAST_MATH = YES;
				ONLY_ACTIVE_ARCH = YES;
				SWIFT_ACTIVE_COMPILATION_CONDITIONS = DEBUG;
				SWIFT_OPTIMIZATION_LEVEL = "-Onone";
			};
			name = Debug;
		};
		752946B6278DC0DD00DC7815 /* Release */ = {
			isa = XCBuildConfiguration;
			buildSettings = {
				ALWAYS_SEARCH_USER_PATHS = NO;
				CLANG_ANALYZER_NONNULL = YES;
				CLANG_ANALYZER_NUMBER_OBJECT_CONVERSION = YES_AGGRESSIVE;
				CLANG_CXX_LANGUAGE_STANDARD = "gnu++17";
				CLANG_CXX_LIBRARY = "libc++";
				CLANG_ENABLE_MODULES = YES;
				CLANG_ENABLE_OBJC_ARC = YES;
				CLANG_ENABLE_OBJC_WEAK = YES;
				CLANG_WARN_BLOCK_CAPTURE_AUTORELEASING = YES;
				CLANG_WARN_BOOL_CONVERSION = YES;
				CLANG_WARN_COMMA = YES;
				CLANG_WARN_CONSTANT_CONVERSION = YES;
				CLANG_WARN_DEPRECATED_OBJC_IMPLEMENTATIONS = YES;
				CLANG_WARN_DIRECT_OBJC_ISA_USAGE = YES_ERROR;
				CLANG_WARN_DOCUMENTATION_COMMENTS = YES;
				CLANG_WARN_EMPTY_BODY = YES;
				CLANG_WARN_ENUM_CONVERSION = YES;
				CLANG_WARN_INFINITE_RECURSION = YES;
				CLANG_WARN_INT_CONVERSION = YES;
				CLANG_WARN_NON_LITERAL_NULL_CONVERSION = YES;
				CLANG_WARN_OBJC_IMPLICIT_RETAIN_SELF = YES;
				CLANG_WARN_OBJC_LITERAL_CONVERSION = YES;
				CLANG_WARN_OBJC_ROOT_CLASS = YES_ERROR;
				CLANG_WARN_QUOTED_INCLUDE_IN_FRAMEWORK_HEADER = YES;
				CLANG_WARN_RANGE_LOOP_ANALYSIS = YES;
				CLANG_WARN_STRICT_PROTOTYPES = YES;
				CLANG_WARN_SUSPICIOUS_MOVE = YES;
				CLANG_WARN_UNGUARDED_AVAILABILITY = YES_AGGRESSIVE;
				CLANG_WARN_UNREACHABLE_CODE = YES;
				CLANG_WARN__DUPLICATE_METHOD_MATCH = YES;
				COPY_PHASE_STRIP = NO;
				DEBUG_INFORMATION_FORMAT = "dwarf-with-dsym";
				ENABLE_NS_ASSERTIONS = NO;
				ENABLE_STRICT_OBJC_MSGSEND = YES;
				GCC_C_LANGUAGE_STANDARD = gnu11;
				GCC_NO_COMMON_BLOCKS = YES;
				GCC_WARN_64_TO_32_BIT_CONVERSION = YES;
				GCC_WARN_ABOUT_RETURN_TYPE = YES_ERROR;
				GCC_WARN_UNDECLARED_SELECTOR = YES;
				GCC_WARN_UNINITIALIZED_AUTOS = YES_AGGRESSIVE;
				GCC_WARN_UNUSED_FUNCTION = YES;
				GCC_WARN_UNUSED_VARIABLE = YES;
				MTL_ENABLE_DEBUG_INFO = NO;
				MTL_FAST_MATH = YES;
				SWIFT_COMPILATION_MODE = wholemodule;
				SWIFT_OPTIMIZATION_LEVEL = "-O";
			};
			name = Release;
		};
		752946B8278DC0DD00DC7815 /* Debug */ = {
			isa = XCBuildConfiguration;
			baseConfigurationReference = 697AE6BF35060EC4D35E17A2 /* Pods-Lepus WatchKit Extension.debug.xcconfig */;
			buildSettings = {
				ASSETCATALOG_COMPILER_COMPLICATION_NAME = Complication;
				CODE_SIGN_STYLE = Automatic;
				CURRENT_PROJECT_VERSION = 1;
				DEVELOPMENT_ASSET_PATHS = "\"Lepus WatchKit Extension/Preview Content\"";
				DEVELOPMENT_TEAM = 55ATJC9JTS;
				ENABLE_PREVIEWS = YES;
				GENERATE_INFOPLIST_FILE = YES;
				INFOPLIST_FILE = "Lepus WatchKit Extension/Info.plist";
				INFOPLIST_KEY_CFBundleDisplayName = "Lepus WatchKit Extension";
				INFOPLIST_KEY_CLKComplicationPrincipalClass = "$(PRODUCT_MODULE_NAME).ComplicationController";
				INFOPLIST_KEY_NSHumanReadableCopyright = "";
				INFOPLIST_KEY_WKRunsIndependentlyOfCompanionApp = YES;
				LD_RUNPATH_SEARCH_PATHS = (
					"$(inherited)",
					"@executable_path/Frameworks",
					"@executable_path/../../Frameworks",
				);
				MARKETING_VERSION = 1.0;
				PRODUCT_BUNDLE_IDENTIFIER = sg.mz.Lepus.watchkitapp.watchkitextension;
				PRODUCT_NAME = "${TARGET_NAME}";
				SDKROOT = watchos;
				SKIP_INSTALL = YES;
				SWIFT_EMIT_LOC_STRINGS = YES;
				SWIFT_VERSION = 5.0;
				TARGETED_DEVICE_FAMILY = 4;
				WATCHOS_DEPLOYMENT_TARGET = 8.0;
			};
			name = Debug;
		};
		752946B9278DC0DD00DC7815 /* Release */ = {
			isa = XCBuildConfiguration;
			baseConfigurationReference = 0C08AC03645C04F9076E4DD9 /* Pods-Lepus WatchKit Extension.release.xcconfig */;
			buildSettings = {
				ASSETCATALOG_COMPILER_COMPLICATION_NAME = Complication;
				CODE_SIGN_STYLE = Automatic;
				CURRENT_PROJECT_VERSION = 1;
				DEVELOPMENT_ASSET_PATHS = "\"Lepus WatchKit Extension/Preview Content\"";
				DEVELOPMENT_TEAM = 55ATJC9JTS;
				ENABLE_PREVIEWS = YES;
				GENERATE_INFOPLIST_FILE = YES;
				INFOPLIST_FILE = "Lepus WatchKit Extension/Info.plist";
				INFOPLIST_KEY_CFBundleDisplayName = "Lepus WatchKit Extension";
				INFOPLIST_KEY_CLKComplicationPrincipalClass = "$(PRODUCT_MODULE_NAME).ComplicationController";
				INFOPLIST_KEY_NSHumanReadableCopyright = "";
				INFOPLIST_KEY_WKRunsIndependentlyOfCompanionApp = YES;
				LD_RUNPATH_SEARCH_PATHS = (
					"$(inherited)",
					"@executable_path/Frameworks",
					"@executable_path/../../Frameworks",
				);
				MARKETING_VERSION = 1.0;
				PRODUCT_BUNDLE_IDENTIFIER = sg.mz.Lepus.watchkitapp.watchkitextension;
				PRODUCT_NAME = "${TARGET_NAME}";
				SDKROOT = watchos;
				SKIP_INSTALL = YES;
				SWIFT_EMIT_LOC_STRINGS = YES;
				SWIFT_VERSION = 5.0;
				TARGETED_DEVICE_FAMILY = 4;
				VALIDATE_PRODUCT = YES;
				WATCHOS_DEPLOYMENT_TARGET = 8.0;
			};
			name = Release;
		};
		752946BC278DC0DD00DC7815 /* Debug */ = {
			isa = XCBuildConfiguration;
			baseConfigurationReference = 5510CD28EB7A0FDBB3E5B48E /* Pods-Lepus WatchKit App.debug.xcconfig */;
			buildSettings = {
				ALWAYS_EMBED_SWIFT_STANDARD_LIBRARIES = YES;
				ASSETCATALOG_COMPILER_APPICON_NAME = AppIcon;
				ASSETCATALOG_COMPILER_GLOBAL_ACCENT_COLOR_NAME = AccentColor;
				CODE_SIGN_STYLE = Automatic;
				CURRENT_PROJECT_VERSION = 1;
				DEVELOPMENT_TEAM = 55ATJC9JTS;
				GENERATE_INFOPLIST_FILE = YES;
				IBSC_MODULE = Lepus_WatchKit_Extension;
				INFOPLIST_KEY_CFBundleDisplayName = "Lepus WatchKit App";
				INFOPLIST_KEY_UISupportedInterfaceOrientations = "UIInterfaceOrientationPortrait UIInterfaceOrientationPortraitUpsideDown";
				INFOPLIST_KEY_WKCompanionAppBundleIdentifier = sg.mz.Lepus;
				MARKETING_VERSION = 1.0;
				PRODUCT_BUNDLE_IDENTIFIER = sg.mz.Lepus.watchkitapp;
				PRODUCT_NAME = "$(TARGET_NAME)";
				SDKROOT = watchos;
				SKIP_INSTALL = YES;
				SWIFT_EMIT_LOC_STRINGS = YES;
				SWIFT_VERSION = 5.0;
				TARGETED_DEVICE_FAMILY = 4;
				WATCHOS_DEPLOYMENT_TARGET = 8.0;
			};
			name = Debug;
		};
		752946BD278DC0DD00DC7815 /* Release */ = {
			isa = XCBuildConfiguration;
			baseConfigurationReference = E021C067295B04AD5EC6EDD0 /* Pods-Lepus WatchKit App.release.xcconfig */;
			buildSettings = {
				ALWAYS_EMBED_SWIFT_STANDARD_LIBRARIES = YES;
				ASSETCATALOG_COMPILER_APPICON_NAME = AppIcon;
				ASSETCATALOG_COMPILER_GLOBAL_ACCENT_COLOR_NAME = AccentColor;
				CODE_SIGN_STYLE = Automatic;
				CURRENT_PROJECT_VERSION = 1;
				DEVELOPMENT_TEAM = 55ATJC9JTS;
				GENERATE_INFOPLIST_FILE = YES;
				IBSC_MODULE = Lepus_WatchKit_Extension;
				INFOPLIST_KEY_CFBundleDisplayName = "Lepus WatchKit App";
				INFOPLIST_KEY_UISupportedInterfaceOrientations = "UIInterfaceOrientationPortrait UIInterfaceOrientationPortraitUpsideDown";
				INFOPLIST_KEY_WKCompanionAppBundleIdentifier = sg.mz.Lepus;
				MARKETING_VERSION = 1.0;
				PRODUCT_BUNDLE_IDENTIFIER = sg.mz.Lepus.watchkitapp;
				PRODUCT_NAME = "$(TARGET_NAME)";
				SDKROOT = watchos;
				SKIP_INSTALL = YES;
				SWIFT_EMIT_LOC_STRINGS = YES;
				SWIFT_VERSION = 5.0;
				TARGETED_DEVICE_FAMILY = 4;
				VALIDATE_PRODUCT = YES;
				WATCHOS_DEPLOYMENT_TARGET = 8.0;
			};
			name = Release;
		};
		752946C0278DC0DD00DC7815 /* Debug */ = {
			isa = XCBuildConfiguration;
			baseConfigurationReference = C7CFAB99A1CA167D9251899A /* Pods-Lepus.debug.xcconfig */;
			buildSettings = {
				ASSETCATALOG_COMPILER_APPICON_NAME = AppIcon;
				ASSETCATALOG_COMPILER_GLOBAL_ACCENT_COLOR_NAME = AccentColor;
				CODE_SIGN_ENTITLEMENTS = Lepus/Lepus.entitlements;
				CODE_SIGN_IDENTITY = "Apple Development";
				CODE_SIGN_STYLE = Automatic;
				CURRENT_PROJECT_VERSION = 1;
				DEVELOPMENT_ASSET_PATHS = "\"Lepus/Preview Content\"";
				DEVELOPMENT_TEAM = 55ATJC9JTS;
				ENABLE_PREVIEWS = YES;
				GENERATE_INFOPLIST_FILE = YES;
				INFOPLIST_FILE = Lepus/Info.plist;
				INFOPLIST_KEY_NSLocationAlwaysAndWhenInUseUsageDescription = "Please allow location access to track your runs.";
				INFOPLIST_KEY_NSLocationWhenInUseUsageDescription = "";
				INFOPLIST_KEY_NSPhotoLibraryAddUsageDescription = "Please give this permission";
				INFOPLIST_KEY_UIApplicationSceneManifest_Generation = YES;
				INFOPLIST_KEY_UIApplicationSupportsIndirectInputEvents = YES;
				INFOPLIST_KEY_UILaunchScreen_Generation = YES;
				INFOPLIST_KEY_UISupportedInterfaceOrientations_iPad = "UIInterfaceOrientationPortrait UIInterfaceOrientationPortraitUpsideDown UIInterfaceOrientationLandscapeLeft UIInterfaceOrientationLandscapeRight";
				INFOPLIST_KEY_UISupportedInterfaceOrientations_iPhone = "UIInterfaceOrientationPortrait UIInterfaceOrientationLandscapeLeft UIInterfaceOrientationLandscapeRight";
				IPHONEOS_DEPLOYMENT_TARGET = 15.0;
				LD_RUNPATH_SEARCH_PATHS = (
					"$(inherited)",
					"@executable_path/Frameworks",
				);
				MARKETING_VERSION = 1.0;
				PRODUCT_BUNDLE_IDENTIFIER = sg.mz.Lepus;
				PRODUCT_NAME = "$(TARGET_NAME)";
				PROVISIONING_PROFILE_SPECIFIER = "";
				SDKROOT = iphoneos;
				SWIFT_EMIT_LOC_STRINGS = YES;
				SWIFT_VERSION = 5.0;
				TARGETED_DEVICE_FAMILY = "1,2";
			};
			name = Debug;
		};
		752946C1278DC0DD00DC7815 /* Release */ = {
			isa = XCBuildConfiguration;
			baseConfigurationReference = C7831A4C563F250D62A504D7 /* Pods-Lepus.release.xcconfig */;
			buildSettings = {
				ASSETCATALOG_COMPILER_APPICON_NAME = AppIcon;
				ASSETCATALOG_COMPILER_GLOBAL_ACCENT_COLOR_NAME = AccentColor;
				CODE_SIGN_ENTITLEMENTS = Lepus/Lepus.entitlements;
				CODE_SIGN_IDENTITY = "Apple Development";
				CODE_SIGN_STYLE = Automatic;
				CURRENT_PROJECT_VERSION = 1;
				DEVELOPMENT_ASSET_PATHS = "\"Lepus/Preview Content\"";
				DEVELOPMENT_TEAM = 55ATJC9JTS;
				ENABLE_PREVIEWS = YES;
				GENERATE_INFOPLIST_FILE = YES;
				INFOPLIST_FILE = Lepus/Info.plist;
				INFOPLIST_KEY_NSLocationAlwaysAndWhenInUseUsageDescription = "Please allow location access to track your runs.";
				INFOPLIST_KEY_NSLocationWhenInUseUsageDescription = "";
				INFOPLIST_KEY_NSPhotoLibraryAddUsageDescription = "Please give this permission";
				INFOPLIST_KEY_UIApplicationSceneManifest_Generation = YES;
				INFOPLIST_KEY_UIApplicationSupportsIndirectInputEvents = YES;
				INFOPLIST_KEY_UILaunchScreen_Generation = YES;
				INFOPLIST_KEY_UISupportedInterfaceOrientations_iPad = "UIInterfaceOrientationPortrait UIInterfaceOrientationPortraitUpsideDown UIInterfaceOrientationLandscapeLeft UIInterfaceOrientationLandscapeRight";
				INFOPLIST_KEY_UISupportedInterfaceOrientations_iPhone = "UIInterfaceOrientationPortrait UIInterfaceOrientationLandscapeLeft UIInterfaceOrientationLandscapeRight";
				IPHONEOS_DEPLOYMENT_TARGET = 15.0;
				LD_RUNPATH_SEARCH_PATHS = (
					"$(inherited)",
					"@executable_path/Frameworks",
				);
				MARKETING_VERSION = 1.0;
				PRODUCT_BUNDLE_IDENTIFIER = sg.mz.Lepus;
				PRODUCT_NAME = "$(TARGET_NAME)";
				PROVISIONING_PROFILE_SPECIFIER = "";
				SDKROOT = iphoneos;
				SWIFT_EMIT_LOC_STRINGS = YES;
				SWIFT_VERSION = 5.0;
				TARGETED_DEVICE_FAMILY = "1,2";
				VALIDATE_PRODUCT = YES;
			};
			name = Release;
		};
/* End XCBuildConfiguration section */

/* Begin XCConfigurationList section */
		75294681278DC0D900DC7815 /* Build configuration list for PBXProject "Lepus" */ = {
			isa = XCConfigurationList;
			buildConfigurations = (
				752946B5278DC0DD00DC7815 /* Debug */,
				752946B6278DC0DD00DC7815 /* Release */,
			);
			defaultConfigurationIsVisible = 0;
			defaultConfigurationName = Release;
		};
		752946B7278DC0DD00DC7815 /* Build configuration list for PBXNativeTarget "Lepus WatchKit Extension" */ = {
			isa = XCConfigurationList;
			buildConfigurations = (
				752946B8278DC0DD00DC7815 /* Debug */,
				752946B9278DC0DD00DC7815 /* Release */,
			);
			defaultConfigurationIsVisible = 0;
			defaultConfigurationName = Release;
		};
		752946BB278DC0DD00DC7815 /* Build configuration list for PBXNativeTarget "Lepus WatchKit App" */ = {
			isa = XCConfigurationList;
			buildConfigurations = (
				752946BC278DC0DD00DC7815 /* Debug */,
				752946BD278DC0DD00DC7815 /* Release */,
			);
			defaultConfigurationIsVisible = 0;
			defaultConfigurationName = Release;
		};
		752946BF278DC0DD00DC7815 /* Build configuration list for PBXNativeTarget "Lepus" */ = {
			isa = XCConfigurationList;
			buildConfigurations = (
				752946C0278DC0DD00DC7815 /* Debug */,
				752946C1278DC0DD00DC7815 /* Release */,
			);
			defaultConfigurationIsVisible = 0;
			defaultConfigurationName = Release;
		};
/* End XCConfigurationList section */

/* Begin XCVersionGroup section */
		75D1CE4C2799E9D40048EE28 /* Lepus.xcdatamodeld */ = {
			isa = XCVersionGroup;
			children = (
				75D1CE4D2799E9D40048EE28 /* Lepus.xcdatamodel */,
			);
			currentVersion = 75D1CE4D2799E9D40048EE28 /* Lepus.xcdatamodel */;
			path = Lepus.xcdatamodeld;
			sourceTree = "<group>";
			versionGroupType = wrapper.xcdatamodel;
		};
/* End XCVersionGroup section */
	};
	rootObject = 7529467E278DC0D900DC7815 /* Project object */;
}
